
Microsoft Visual Studio Solution File, Format Version 12.00
# Visual Studio Version 17
VisualStudioVersion = 17.11.35219.272
MinimumVisualStudioVersion = 10.0.40219.1
Project("{2150E333-8FDC-42A3-9474-1A3956D46DE8}") = "Solution Items", "Solution Items", "{2CAC6CF5-1A00-49B6-A840-586E3EEBC3C6}"
	ProjectSection(SolutionItems) = preProject
		build.fsx = build.fsx
	EndProjectSection
EndProject
Project("{6EC3EE1D-3C4E-46DD-8F32-0CC8E7565705}") = "WebSharper.SlickGrid", "WebSharper.SlickGrid\WebSharper.SlickGrid.fsproj", "{B689DAD7-9D6F-4609-972E-3BCA18A53A0B}"
EndProject
Global
	GlobalSection(SolutionConfigurationPlatforms) = preSolution
		Debug|Any CPU = Debug|Any CPU
		Release|Any CPU = Release|Any CPU
	EndGlobalSection
	GlobalSection(ProjectConfigurationPlatforms) = postSolution
		{B689DAD7-9D6F-4609-972E-3BCA18A53A0B}.Debug|Any CPU.ActiveCfg = Debug|Any CPU
		{B689DAD7-9D6F-4609-972E-3BCA18A53A0B}.Debug|Any CPU.Build.0 = Debug|Any CPU
		{B689DAD7-9D6F-4609-972E-3BCA18A53A0B}.Release|Any CPU.ActiveCfg = Release|Any CPU
		{B689DAD7-9D6F-4609-972E-3BCA18A53A0B}.Release|Any CPU.Build.0 = Release|Any CPU
	EndGlobalSection
	GlobalSection(SolutionProperties) = preSolution
		HideSolutionNode = FALSE
	EndGlobalSection
	GlobalSection(ExtensibilityGlobals) = postSolution
		SolutionGuid = {A1E5B723-F846-484B-B2D9-90C9F7C7D057}
	EndGlobalSection
EndGlobal
